// !$*UTF8*$!
{
	archiveVersion = 1;
	classes = {
	};
	objectVersion = 55;
	objects = {

/* Begin PBXBuildFile section */
		492C6CE029194BE900B6DAAA /* HCKR_NewsApp.swift in Sources */ = {isa = PBXBuildFile; fileRef = 492C6CDF29194BE900B6DAAA /* HCKR_NewsApp.swift */; };
		492C6CE229194BE900B6DAAA /* ContentView.swift in Sources */ = {isa = PBXBuildFile; fileRef = 492C6CE129194BE900B6DAAA /* ContentView.swift */; };
		492C6CE429194BEB00B6DAAA /* Assets.xcassets in Resources */ = {isa = PBXBuildFile; fileRef = 492C6CE329194BEB00B6DAAA /* Assets.xcassets */; };
		492C6CE729194BEB00B6DAAA /* Preview Assets.xcassets in Resources */ = {isa = PBXBuildFile; fileRef = 492C6CE629194BEB00B6DAAA /* Preview Assets.xcassets */; };
		492C6CEF291959D500B6DAAA /* NetworkManager.swift in Sources */ = {isa = PBXBuildFile; fileRef = 492C6CEE291959D500B6DAAA /* NetworkManager.swift */; };
		492C6CF129195BE300B6DAAA /* PostData.swift in Sources */ = {isa = PBXBuildFile; fileRef = 492C6CF029195BE300B6DAAA /* PostData.swift */; };
		492C6CF42919622F00B6DAAA /* DetailView.swift in Sources */ = {isa = PBXBuildFile; fileRef = 492C6CF32919622F00B6DAAA /* DetailView.swift */; };
		492C6CF6291968AF00B6DAAA /* WebView.swift in Sources */ = {isa = PBXBuildFile; fileRef = 492C6CF5291968AF00B6DAAA /* WebView.swift */; };
/* End PBXBuildFile section */

/* Begin PBXFileReference section */
		492C6CDC29194BE900B6DAAA /* HCKR News.app */ = {isa = PBXFileReference; explicitFileType = wrapper.application; includeInIndex = 0; path = "HCKR News.app"; sourceTree = BUILT_PRODUCTS_DIR; };
		492C6CDF29194BE900B6DAAA /* HCKR_NewsApp.swift */ = {isa = PBXFileReference; lastKnownFileType = sourcecode.swift; path = HCKR_NewsApp.swift; sourceTree = "<group>"; };
		492C6CE129194BE900B6DAAA /* ContentView.swift */ = {isa = PBXFileReference; lastKnownFileType = sourcecode.swift; path = ContentView.swift; sourceTree = "<group>"; };
		492C6CE329194BEB00B6DAAA /* Assets.xcassets */ = {isa = PBXFileReference; lastKnownFileType = folder.assetcatalog; path = Assets.xcassets; sourceTree = "<group>"; };
		492C6CE629194BEB00B6DAAA /* Preview Assets.xcassets */ = {isa = PBXFileReference; lastKnownFileType = folder.assetcatalog; path = "Preview Assets.xcassets"; sourceTree = "<group>"; };
		492C6CEE291959D500B6DAAA /* NetworkManager.swift */ = {isa = PBXFileReference; lastKnownFileType = sourcecode.swift; path = NetworkManager.swift; sourceTree = "<group>"; };
		492C6CF029195BE300B6DAAA /* PostData.swift */ = {isa = PBXFileReference; lastKnownFileType = sourcecode.swift; path = PostData.swift; sourceTree = "<group>"; };
		492C6CF32919622F00B6DAAA /* DetailView.swift */ = {isa = PBXFileReference; lastKnownFileType = sourcecode.swift; path = DetailView.swift; sourceTree = "<group>"; };
		492C6CF5291968AF00B6DAAA /* WebView.swift */ = {isa = PBXFileReference; lastKnownFileType = sourcecode.swift; path = WebView.swift; sourceTree = "<group>"; };
/* End PBXFileReference section */

/* Begin PBXFrameworksBuildPhase section */
		492C6CD929194BE900B6DAAA /* Frameworks */ = {
			isa = PBXFrameworksBuildPhase;
			buildActionMask = 2147483647;
			files = (
			);
			runOnlyForDeploymentPostprocessing = 0;
		};
/* End PBXFrameworksBuildPhase section */

/* Begin PBXGroup section */
		492C6CD329194BE900B6DAAA = {
			isa = PBXGroup;
			children = (
				492C6CDE29194BE900B6DAAA /* HCKR News */,
				492C6CDD29194BE900B6DAAA /* Products */,
			);
			sourceTree = "<group>";
		};
		492C6CDD29194BE900B6DAAA /* Products */ = {
			isa = PBXGroup;
			children = (
				492C6CDC29194BE900B6DAAA /* HCKR News.app */,
			);
			name = Products;
			sourceTree = "<group>";
		};
		492C6CDE29194BE900B6DAAA /* HCKR News */ = {
			isa = PBXGroup;
			children = (
				492C6CDF29194BE900B6DAAA /* HCKR_NewsApp.swift */,
				492C6CF22919620900B6DAAA /* Views */,
				492C6CED291959BA00B6DAAA /* Models */,
				492C6CE329194BEB00B6DAAA /* Assets.xcassets */,
				492C6CE529194BEB00B6DAAA /* Preview Content */,
			);
			path = "HCKR News";
			sourceTree = "<group>";
		};
		492C6CE529194BEB00B6DAAA /* Preview Content */ = {
			isa = PBXGroup;
			children = (
				492C6CE629194BEB00B6DAAA /* Preview Assets.xcassets */,
			);
			path = "Preview Content";
			sourceTree = "<group>";
		};
		492C6CED291959BA00B6DAAA /* Models */ = {
			isa = PBXGroup;
			children = (
				492C6CEE291959D500B6DAAA /* NetworkManager.swift */,
				492C6CF029195BE300B6DAAA /* PostData.swift */,
			);
			path = Models;
			sourceTree = "<group>";
		};
		492C6CF22919620900B6DAAA /* Views */ = {
			isa = PBXGroup;
			children = (
				492C6CE129194BE900B6DAAA /* ContentView.swift */,
				492C6CF32919622F00B6DAAA /* DetailView.swift */,
				492C6CF5291968AF00B6DAAA /* WebView.swift */,
			);
			path = Views;
			sourceTree = "<group>";
		};
/* End PBXGroup section */

/* Begin PBXNativeTarget section */
		492C6CDB29194BE900B6DAAA /* HCKR News */ = {
			isa = PBXNativeTarget;
			buildConfigurationList = 492C6CEA29194BEB00B6DAAA /* Build configuration list for PBXNativeTarget "HCKR News" */;
			buildPhases = (
				492C6CD829194BE900B6DAAA /* Sources */,
				492C6CD929194BE900B6DAAA /* Frameworks */,
				492C6CDA29194BE900B6DAAA /* Resources */,
			);
			buildRules = (
			);
			dependencies = (
			);
			name = "HCKR News";
			productName = "HCKR News";
			productReference = 492C6CDC29194BE900B6DAAA /* HCKR News.app */;
			productType = "com.apple.product-type.application";
		};
/* End PBXNativeTarget section */

/* Begin PBXProject section */
		492C6CD429194BE900B6DAAA /* Project object */ = {
			isa = PBXProject;
			attributes = {
				BuildIndependentTargetsInParallel = 1;
				LastSwiftUpdateCheck = 1340;
				LastUpgradeCheck = 1340;
				TargetAttributes = {
					492C6CDB29194BE900B6DAAA = {
						CreatedOnToolsVersion = 13.4.1;
					};
				};
			};
			buildConfigurationList = 492C6CD729194BE900B6DAAA /* Build configuration list for PBXProject "HCKR News" */;
			compatibilityVersion = "Xcode 13.0";
			developmentRegion = en;
			hasScannedForEncodings = 0;
			knownRegions = (
				en,
				Base,
			);
			mainGroup = 492C6CD329194BE900B6DAAA;
			productRefGroup = 492C6CDD29194BE900B6DAAA /* Products */;
			projectDirPath = "";
			projectRoot = "";
			targets = (
				492C6CDB29194BE900B6DAAA /* HCKR News */,
			);
		};
/* End PBXProject section */

/* Begin PBXResourcesBuildPhase section */
		492C6CDA29194BE900B6DAAA /* Resources */ = {
			isa = PBXResourcesBuildPhase;
			buildActionMask = 2147483647;
			files = (
				492C6CE729194BEB00B6DAAA /* Preview Assets.xcassets in Resources */,
				492C6CE429194BEB00B6DAAA /* Assets.xcassets in Resources */,
			);
			runOnlyForDeploymentPostprocessing = 0;
		};
/* End PBXResourcesBuildPhase section */

/* Begin PBXSourcesBuildPhase section */
		492C6CD829194BE900B6DAAA /* Sources */ = {
			isa = PBXSourcesBuildPhase;
			buildActionMask = 2147483647;
			files = (
				492C6CEF291959D500B6DAAA /* NetworkManager.swift in Sources */,
				492C6CF129195BE300B6DAAA /* PostData.swift in Sources */,
				492C6CE229194BE900B6DAAA /* ContentView.swift in Sources */,
				492C6CF6291968AF00B6DAAA /* WebView.swift in Sources */,
				492C6CF42919622F00B6DAAA /* DetailView.swift in Sources */,
				492C6CE029194BE900B6DAAA /* HCKR_NewsApp.swift in Sources */,
			);
			runOnlyForDeploymentPostprocessing = 0;
		};
/* End PBXSourcesBuildPhase section */

/* Begin XCBuildConfiguration section */
		492C6CE829194BEB00B6DAAA /* Debug */ = {
			isa = XCBuildConfiguration;
			buildSettings = {
				ALWAYS_SEARCH_USER_PATHS = NO;
				CLANG_ANALYZER_NONNULL = YES;
				CLANG_ANALYZER_NUMBER_OBJECT_CONVERSION = YES_AGGRESSIVE;
				CLANG_CXX_LANGUAGE_STANDARD = "gnu++17";
				CLANG_ENABLE_MODULES = YES;
				CLANG_ENABLE_OBJC_ARC = YES;
				CLANG_ENABLE_OBJC_WEAK = YES;
				CLANG_WARN_BLOCK_CAPTURE_AUTORELEASING = YES;
				CLANG_WARN_BOOL_CONVERSION = YES;
				CLANG_WARN_COMMA = YES;
				CLANG_WARN_CONSTANT_CONVERSION = YES;
				CLANG_WARN_DEPRECATED_OBJC_IMPLEMENTATIONS = YES;
				CLANG_WARN_DIRECT_OBJC_ISA_USAGE = YES_ERROR;
				CLANG_WARN_DOCUMENTATION_COMMENTS = YES;
				CLANG_WARN_EMPTY_BODY = YES;
				CLANG_WARN_ENUM_CONVERSION = YES;
				CLANG_WARN_INFINITE_RECURSION = YES;
				CLANG_WARN_INT_CONVERSION = YES;
				CLANG_WARN_NON_LITERAL_NULL_CONVERSION = YES;
				CLANG_WARN_OBJC_IMPLICIT_RETAIN_SELF = YES;
				CLANG_WARN_OBJC_LITERAL_CONVERSION = YES;
				CLANG_WARN_OBJC_ROOT_CLASS = YES_ERROR;
				CLANG_WARN_QUOTED_INCLUDE_IN_FRAMEWORK_HEADER = YES;
				CLANG_WARN_RANGE_LOOP_ANALYSIS = YES;
				CLANG_WARN_STRICT_PROTOTYPES = YES;
				CLANG_WARN_SUSPICIOUS_MOVE = YES;
				CLANG_WARN_UNGUARDED_AVAILABILITY = YES_AGGRESSIVE;
				CLANG_WARN_UNREACHABLE_CODE = YES;
				CLANG_WARN__DUPLICATE_METHOD_MATCH = YES;
				COPY_PHASE_STRIP = NO;
				DEBUG_INFORMATION_FORMAT = dwarf;
				ENABLE_STRICT_OBJC_MSGSEND = YES;
				ENABLE_TESTABILITY = YES;
				GCC_C_LANGUAGE_STANDARD = gnu11;
				GCC_DYNAMIC_NO_PIC = NO;
				GCC_NO_COMMON_BLOCKS = YES;
				GCC_OPTIMIZATION_LEVEL = 0;
				GCC_PREPROCESSOR_DEFINITIONS = (
					"DEBUG=1",
					"$(inherited)",
				);
				GCC_WARN_64_TO_32_BIT_CONVERSION = YES;
				GCC_WARN_ABOUT_RETURN_TYPE = YES_ERROR;
				GCC_WARN_UNDECLARED_SELECTOR = YES;
				GCC_WARN_UNINITIALIZED_AUTOS = YES_AGGRESSIVE;
				GCC_WARN_UNUSED_FUNCTION = YES;
				GCC_WARN_UNUSED_VARIABLE = YES;
				IPHONEOS_DEPLOYMENT_TARGET = 15.5;
				MTL_ENABLE_DEBUG_INFO = INCLUDE_SOURCE;
				MTL_FAST_MATH = YES;
				ONLY_ACTIVE_ARCH = YES;
				SDKROOT = iphoneos;
				SWIFT_ACTIVE_COMPILATION_CONDITIONS = DEBUG;
				SWIFT_OPTIMIZATION_LEVEL = "-Onone";
			};
			name = Debug;
		};
		492C6CE929194BEB00B6DAAA /* Release */ = {
			isa = XCBuildConfiguration;
			buildSettings = {
				ALWAYS_SEARCH_USER_PATHS = NO;
				CLANG_ANALYZER_NONNULL = YES;
				CLANG_ANALYZER_NUMBER_OBJECT_CONVERSION = YES_AGGRESSIVE;
				CLANG_CXX_LANGUAGE_STANDARD = "gnu++17";
				CLANG_ENABLE_MODULES = YES;
				CLANG_ENABLE_OBJC_ARC = YES;
				CLANG_ENABLE_OBJC_WEAK = YES;
				CLANG_WARN_BLOCK_CAPTURE_AUTORELEASING = YES;
				CLANG_WARN_BOOL_CONVERSION = YES;
				CLANG_WARN_COMMA = YES;
				CLANG_WARN_CONSTANT_CONVERSION = YES;
				CLANG_WARN_DEPRECATED_OBJC_IMPLEMENTATIONS = YES;
				CLANG_WARN_DIRECT_OBJC_ISA_USAGE = YES_ERROR;
				CLANG_WARN_DOCUMENTATION_COMMENTS = YES;
				CLANG_WARN_EMPTY_BODY = YES;
				CLANG_WARN_ENUM_CONVERSION = YES;
				CLANG_WARN_INFINITE_RECURSION = YES;
				CLANG_WARN_INT_CONVERSION = YES;
				CLANG_WARN_NON_LITERAL_NULL_CONVERSION = YES;
				CLANG_WARN_OBJC_IMPLICIT_RETAIN_SELF = YES;
				CLANG_WARN_OBJC_LITERAL_CONVERSION = YES;
				CLANG_WARN_OBJC_ROOT_CLASS = YES_ERROR;
				CLANG_WARN_QUOTED_INCLUDE_IN_FRAMEWORK_HEADER = YES;
				CLANG_WARN_RANGE_LOOP_ANALYSIS = YES;
				CLANG_WARN_STRICT_PROTOTYPES = YES;
				CLANG_WARN_SUSPICIOUS_MOVE = YES;
				CLANG_WARN_UNGUARDED_AVAILABILITY = YES_AGGRESSIVE;
				CLANG_WARN_UNREACHABLE_CODE = YES;
				CLANG_WARN__DUPLICATE_METHOD_MATCH = YES;
				COPY_PHASE_STRIP = NO;
				DEBUG_INFORMATION_FORMAT = "dwarf-with-dsym";
				ENABLE_NS_ASSERTIONS = NO;
				ENABLE_STRICT_OBJC_MSGSEND = YES;
				GCC_C_LANGUAGE_STANDARD = gnu11;
				GCC_NO_COMMON_BLOCKS = YES;
				GCC_WARN_64_TO_32_BIT_CONVERSION = YES;
				GCC_WARN_ABOUT_RETURN_TYPE = YES_ERROR;
				GCC_WARN_UNDECLARED_SELECTOR = YES;
				GCC_WARN_UNINITIALIZED_AUTOS = YES_AGGRESSIVE;
				GCC_WARN_UNUSED_FUNCTION = YES;
				GCC_WARN_UNUSED_VARIABLE = YES;
				IPHONEOS_DEPLOYMENT_TARGET = 15.5;
				MTL_ENABLE_DEBUG_INFO = NO;
				MTL_FAST_MATH = YES;
				SDKROOT = iphoneos;
				SWIFT_COMPILATION_MODE = wholemodule;
				SWIFT_OPTIMIZATION_LEVEL = "-O";
				VALIDATE_PRODUCT = YES;
			};
			name = Release;
		};
		492C6CEB29194BEB00B6DAAA /* Debug */ = {
			isa = XCBuildConfiguration;
			buildSettings = {
				ASSETCATALOG_COMPILER_APPICON_NAME = AppIcon;
				ASSETCATALOG_COMPILER_GLOBAL_ACCENT_COLOR_NAME = AccentColor;
				CODE_SIGN_STYLE = Automatic;
				CURRENT_PROJECT_VERSION = 1;
				DEVELOPMENT_ASSET_PATHS = "\"HCKR News/Preview Content\"";
				DEVELOPMENT_TEAM = NX4LKKT924;
				ENABLE_PREVIEWS = YES;
				GENERATE_INFOPLIST_FILE = YES;
				INFOPLIST_KEY_UIApplicationSceneManifest_Generation = YES;
				INFOPLIST_KEY_UIApplicationSupportsIndirectInputEvents = YES;
				INFOPLIST_KEY_UILaunchScreen_Generation = YES;
				INFOPLIST_KEY_UISupportedInterfaceOrientations_iPad = "UIInterfaceOrientationPortrait UIInterfaceOrientationPortraitUpsideDown UIInterfaceOrientationLandscapeLeft UIInterfaceOrientationLandscapeRight";
				INFOPLIST_KEY_UISupportedInterfaceOrientations_iPhone = "UIInterfaceOrientationPortrait UIInterfaceOrientationLandscapeLeft UIInterfaceOrientationLandscapeRight";
				LD_RUNPATH_SEARCH_PATHS = (
					"$(inherited)",
					"@executable_path/Frameworks",
				);
				MARKETING_VERSION = 1.0;
				PRODUCT_BUNDLE_IDENTIFIER = "com.eldoralikuvatov.HCKR-News";
				PRODUCT_NAME = "$(TARGET_NAME)";
				SWIFT_EMIT_LOC_STRINGS = YES;
				SWIFT_VERSION = 5.0;
				TARGETED_DEVICE_FAMILY = "1,2";
			};
			name = Debug;
		};
		492C6CEC29194BEB00B6DAAA /* Release */ = {
			isa = XCBuildConfiguration;
			buildSettings = {
				ASSETCATALOG_COMPILER_APPICON_NAME = AppIcon;
				ASSETCATALOG_COMPILER_GLOBAL_ACCENT_COLOR_NAME = AccentColor;
				CODE_SIGN_STYLE = Automatic;
				CURRENT_PROJECT_VERSION = 1;
				DEVELOPMENT_ASSET_PATHS = "\"HCKR News/Preview Content\"";
				DEVELOPMENT_TEAM = NX4LKKT924;
				ENABLE_PREVIEWS = YES;
				GENERATE_INFOPLIST_FILE = YES;
				INFOPLIST_KEY_UIApplicationSceneManifest_Generation = YES;
				INFOPLIST_KEY_UIApplicationSupportsIndirectInputEvents = YES;
				INFOPLIST_KEY_UILaunchScreen_Generation = YES;
				INFOPLIST_KEY_UISupportedInterfaceOrientations_iPad = "UIInterfaceOrientationPortrait UIInterfaceOrientationPortraitUpsideDown UIInterfaceOrientationLandscapeLeft UIInterfaceOrientationLandscapeRight";
				INFOPLIST_KEY_UISupportedInterfaceOrientations_iPhone = "UIInterfaceOrientationPortrait UIInterfaceOrientationLandscapeLeft UIInterfaceOrientationLandscapeRight";
				LD_RUNPATH_SEARCH_PATHS = (
					"$(inherited)",
					"@executable_path/Frameworks",
				);
				MARKETING_VERSION = 1.0;
				PRODUCT_BUNDLE_IDENTIFIER = "com.eldoralikuvatov.HCKR-News";
				PRODUCT_NAME = "$(TARGET_NAME)";
				SWIFT_EMIT_LOC_STRINGS = YES;
				SWIFT_VERSION = 5.0;
				TARGETED_DEVICE_FAMILY = "1,2";
			};
			name = Release;
		};
/* End XCBuildConfiguration section */

/* Begin XCConfigurationList section */
		492C6CD729194BE900B6DAAA /* Build configuration list for PBXProject "HCKR News" */ = {
			isa = XCConfigurationList;
			buildConfigurations = (
				492C6CE829194BEB00B6DAAA /* Debug */,
				492C6CE929194BEB00B6DAAA /* Release */,
			);
			defaultConfigurationIsVisible = 0;
			defaultConfigurationName = Release;
		};
		492C6CEA29194BEB00B6DAAA /* Build configuration list for PBXNativeTarget "HCKR News" */ = {
			isa = XCConfigurationList;
			buildConfigurations = (
				492C6CEB29194BEB00B6DAAA /* Debug */,
				492C6CEC29194BEB00B6DAAA /* Release */,
			);
			defaultConfigurationIsVisible = 0;
			defaultConfigurationName = Release;
		};
/* End XCConfigurationList section */
	};
	rootObject = 492C6CD429194BE900B6DAAA /* Project object */;
}
